
Microsoft Visual Studio Solution File, Format Version 12.00
# Visual Studio 14
VisualStudioVersion = 14.0.25420.1
MinimumVisualStudioVersion = 10.0.40219.1
Project("{2150E333-8FDC-42A3-9474-1A3956D46DE8}") = "src", "src", "{CCF3B57E-0009-43F9-8425-A0F86BB80430}"
EndProject
Project("{2150E333-8FDC-42A3-9474-1A3956D46DE8}") = "Solution Items", "Solution Items", "{79828E92-CE3E-45BF-BBA1-204B812EF586}"
	ProjectSection(SolutionItems) = preProject
		global.json = global.json
	EndProjectSection
EndProject
Project("{8BB2217D-0F2D-49D1-97BC-3654ED321F3B}") = "OdeToFood", "src\OdeToFood\OdeToFood.xproj", "{3CED5B5A-5BA5-43A7-9B8C-83AA8FF3E9A9}"
EndProject
Global
	GlobalSection(SolutionConfigurationPlatforms) = preSolution
		Debug|Any CPU = Debug|Any CPU
		Release|Any CPU = Release|Any CPU
	EndGlobalSection
	GlobalSection(ProjectConfigurationPlatforms) = postSolution
		{3CED5B5A-5BA5-43A7-9B8C-83AA8FF3E9A9}.Debug|Any CPU.ActiveCfg = Debug|Any CPU
		{3CED5B5A-5BA5-43A7-9B8C-83AA8FF3E9A9}.Debug|Any CPU.Build.0 = Debug|Any CPU
		{3CED5B5A-5BA5-43A7-9B8C-83AA8FF3E9A9}.Release|Any CPU.ActiveCfg = Release|Any CPU
		{3CED5B5A-5BA5-43A7-9B8C-83AA8FF3E9A9}.Release|Any CPU.Build.0 = Release|Any CPU
	EndGlobalSection
	GlobalSection(SolutionProperties) = preSolution
		HideSolutionNode = FALSE
	EndGlobalSection
	GlobalSection(NestedProjects) = preSolution
		{3CED5B5A-5BA5-43A7-9B8C-83AA8FF3E9A9} = {CCF3B57E-0009-43F9-8425-A0F86BB80430}
	EndGlobalSection
EndGlobal
